
Microsoft Visual Studio Solution File, Format Version 12.00
# Visual Studio Version 17
VisualStudioVersion = 17.4.33103.184
MinimumVisualStudioVersion = 10.0.40219.1
Project("{FAE04EC0-301F-11D3-BF4B-00C04F79EFBC}") = "Bonus", "Bonus.csproj", "{D484C7A4-F906-41B9-AFD7-5C1E25DFB3B0}"
EndProject
Global
	GlobalSection(SolutionConfigurationPlatforms) = preSolution
		Debug|Any CPU = Debug|Any CPU
		Release|Any CPU = Release|Any CPU
	EndGlobalSection
	GlobalSection(ProjectConfigurationPlatforms) = postSolution
		{D484C7A4-F906-41B9-AFD7-5C1E25DFB3B0}.Debug|Any CPU.ActiveCfg = Debug|Any CPU
		{D484C7A4-F906-41B9-AFD7-5C1E25DFB3B0}.Debug|Any CPU.Build.0 = Debug|Any CPU
		{D484C7A4-F906-41B9-AFD7-5C1E25DFB3B0}.Release|Any CPU.ActiveCfg = Release|Any CPU
		{D484C7A4-F906-41B9-AFD7-5C1E25DFB3B0}.Release|Any CPU.Build.0 = Release|Any CPU
	EndGlobalSection
	GlobalSection(SolutionProperties) = preSolution
		HideSolutionNode = FALSE
	EndGlobalSection
	GlobalSection(ExtensibilityGlobals) = postSolution
		SolutionGuid = {4C1E1107-3040-4181-9D65-21D5B1B484B8}
	EndGlobalSection
EndGlobal
